<?xml version="1.0" encoding="utf-8"?>
<Project ToolsVersion="4.0" xmlns:atg="http://atg.xbox.com" xmlns="http://schemas.microsoft.com/developer/msbuild/2003">
  <ItemGroup>
    <Filter Include="Resource Files">
      <UniqueIdentifier>{8e114980-c1a3-4ada-ad7c-83caadf5daeb}</UniqueIdentifier>
      <Extensions>rc;ico;cur;bmp;dlg;rc2;rct;bin;rgs;gif;jpg;jpeg;jpe</Extensions>
    </Filter>
    <Filter Include="DXUT">
      <UniqueIdentifier>{a43c5c25-0e86-4a20-b64a-883785ff74fd}</UniqueIdentifier>
    </Filter>
    <Filter Include="Shaders">
      <UniqueIdentifier>{2c3d4c8c-5d1a-459a-a05a-a4e4b608a44e}</UniqueIdentifier>
      <Extensions>fx;fxh;hlsl</Extensions>
    </Filter>
    <Filter Include="Include">
      <UniqueIdentifier>{97ee162e-ad64-4983-87e9-f5e483c14e09}</UniqueIdentifier>
    </Filter>
    <Filter Include="src">
      <UniqueIdentifier>{878e0211-19ba-4d85-9985-1def32a413dc}</UniqueIdentifier>
    </Filter>
    <Filter Include="Imgui">
      <UniqueIdentifier>{c2a192f9-ff34-44c2-a7de-36ba3e5f9538}</UniqueIdentifier>
    </Filter>
    <Filter Include="Imgui\Includes">
      <UniqueIdentifier>{c8ead453-2ba7-4f52-be6f-d279a1144fa1}</UniqueIdentifier>
    </Filter>
    <Filter Include="Imgui\Src">
      <UniqueIdentifier>{a8a537bc-0595-487e-be29-97aa42f61e3f}</UniqueIdentifier>
    </Filter>
  </ItemGroup>
  <ItemGroup>
    <ClInclude Include="include\Prerequisites.h">
      <Filter>Include</Filter>
    </ClInclude>
    <ClInclude Include="include\Window.h">
      <Filter>Include</Filter>
    </ClInclude>
    <ClInclude Include="include\Resource.h">
      <Filter>Include</Filter>
    </ClInclude>
    <ClInclude Include="include\Device.h">
      <Filter>Include</Filter>
    </ClInclude>
    <ClInclude Include="include\DeviceContext.h">
      <Filter>Include</Filter>
    </ClInclude>
    <ClInclude Include="include\Texture.h">
      <Filter>Include</Filter>
    </ClInclude>
    <ClInclude Include="include\SwapChain.h">
      <Filter>Include</Filter>
    </ClInclude>
    <ClInclude Include="include\DepthStencilView.h">
      <Filter>Include</Filter>
    </ClInclude>
    <ClInclude Include="include\Buffer.h">
      <Filter>Include</Filter>
    </ClInclude>
    <ClInclude Include="include\ModelLoader.h">
      <Filter>Include</Filter>
    </ClInclude>
    <ClInclude Include="include\RenderTargetView.h">
      <Filter>Include</Filter>
    </ClInclude>
    <ClInclude Include="include\SamplerState.h">
      <Filter>Include</Filter>
    </ClInclude>
    <ClInclude Include="include\InputLayout.h">
      <Filter>Include</Filter>
    </ClInclude>
    <ClInclude Include="include\Viewport.h">
      <Filter>Include</Filter>
    </ClInclude>
    <ClInclude Include="include\ShaderProgram.h">
      <Filter>Include</Filter>
    </ClInclude>
    <ClInclude Include="include\OBJ_Loader.h">
      <Filter>Include</Filter>
    </ClInclude>
    <ClInclude Include="include\UserInterface.h">
      <Filter>Include</Filter>
    </ClInclude>
    <ClInclude Include="imgui-docking\backends\imgui_impl_dx11.h">
      <Filter>Imgui\Src</Filter>
    </ClInclude>
    <ClInclude Include="imgui-docking\backends\imgui_impl_win32.h">
      <Filter>Imgui\Src</Filter>
    </ClInclude>
    <ClInclude Include="imgui-docking\imgui.h">
      <Filter>Imgui\Includes</Filter>
    </ClInclude>
    <ClInclude Include="imgui-docking\imconfig.h">
      <Filter>Imgui\Includes</Filter>
    </ClInclude>
    <ClInclude Include="imgui-docking\imgui_internal.h">
      <Filter>Imgui\Includes</Filter>
    </ClInclude>
    <ClInclude Include="imgui-docking\imstb_rectpack.h">
      <Filter>Imgui\Includes</Filter>
    </ClInclude>
    <ClInclude Include="imgui-docking\imstb_textedit.h">
      <Filter>Imgui\Includes</Filter>
    </ClInclude>
    <ClInclude Include="imgui-docking\imstb_truetype.h">
      <Filter>Imgui\Includes</Filter>
    </ClInclude>
  </ItemGroup>
  <ItemGroup>
    <ClCompile Include="Tutorial07.cpp" />
    <ClCompile Include="src\Window.cpp">
      <Filter>src</Filter>
    </ClCompile>
    <ClCompile Include="src\Device.cpp">
      <Filter>src</Filter>
    </ClCompile>
    <ClCompile Include="src\DepthStencilView.cpp">
      <Filter>src</Filter>
    </ClCompile>
    <ClCompile Include="src\DeviceContext.cpp">
      <Filter>src</Filter>
    </ClCompile>
    <ClCompile Include="src\Texture.cpp">
      <Filter>src</Filter>
    </ClCompile>
    <ClCompile Include="src\InputLayout.cpp">
      <Filter>src</Filter>
    </ClCompile>
    <ClCompile Include="src\ModelLoader.cpp">
      <Filter>src</Filter>
    </ClCompile>
    <ClCompile Include="src\RenderTargetView.cpp">
      <Filter>src</Filter>
    </ClCompile>
    <ClCompile Include="src\SamplerState.cpp">
      <Filter>src</Filter>
    </ClCompile>
    <ClCompile Include="src\ShaderProgram.cpp">
      <Filter>src</Filter>
    </ClCompile>
    <ClCompile Include="src\SwapChain.cpp">
      <Filter>src</Filter>
    </ClCompile>
    <ClCompile Include="src\Buffer.cpp">
      <Filter>src</Filter>
    </ClCompile>
    <ClCompile Include="src\Viewport.cpp">
      <Filter>src</Filter>
    </ClCompile>
    <ClCompile Include="src\UserInterface.cpp">
      <Filter>src</Filter>
    </ClCompile>
    <ClCompile Include="imgui-docking\imgui.cpp">
      <Filter>Imgui\Src</Filter>
    </ClCompile>
    <ClCompile Include="imgui-docking\imgui_demo.cpp">
      <Filter>Imgui\Src</Filter>
    </ClCompile>
    <ClCompile Include="imgui-docking\imgui_draw.cpp">
      <Filter>Imgui\Src</Filter>
    </ClCompile>
    <ClCompile Include="imgui-docking\imgui_tables.cpp">
      <Filter>Imgui\Src</Filter>
    </ClCompile>
    <ClCompile Include="imgui-docking\imgui_widgets.cpp">
      <Filter>Imgui\Src</Filter>
    </ClCompile>
    <ClCompile Include="imgui-docking\backends\imgui_impl_dx11.cpp">
      <Filter>Imgui\Src</Filter>
    </ClCompile>
    <ClCompile Include="imgui-docking\backends\imgui_impl_win32.cpp">
      <Filter>Imgui\Src</Filter>
    </ClCompile>
  </ItemGroup>
  <ItemGroup>
    <None Include="Tutorial07.fx">
      <Filter>Shaders</Filter>
    </None>
  </ItemGroup>
  <ItemGroup>
    <ResourceCompile Include="Tutorial07.rc">
      <Filter>Resource Files</Filter>
    </ResourceCompile>
  </ItemGroup>
  <ItemGroup>
  </ItemGroup>
</Project>